// !$*UTF8*$!
{
	archiveVersion = 1;
	classes = {
	};
	objectVersion = 46;
	objects = {

/* Begin PBXBuildFile section */
		8209A6301E0AD74F00108C68 /* George Street Shuffle.mp3 in Resources */ = {isa = PBXBuildFile; fileRef = 8209A62F1E0AD74F00108C68 /* George Street Shuffle.mp3 */; };
		824A47F31D5ECFE500D45EFF /* A Nine.wav in Resources */ = {isa = PBXBuildFile; fileRef = 824A47EF1D5ECFE500D45EFF /* A Nine.wav */; };
		824A47F41D5ECFE500D45EFF /* Brrr.wav in Resources */ = {isa = PBXBuildFile; fileRef = 824A47F01D5ECFE500D45EFF /* Brrr.wav */; };
		824A47F51D5ECFE500D45EFF /* Bub.wav in Resources */ = {isa = PBXBuildFile; fileRef = 824A47F11D5ECFE500D45EFF /* Bub.wav */; };
		824A47F61D5ECFE500D45EFF /* Laser Beam.wav in Resources */ = {isa = PBXBuildFile; fileRef = 824A47F21D5ECFE500D45EFF /* Laser Beam.wav */; };
		824A47F81D5ED18300D45EFF /* Circuit.wav in Resources */ = {isa = PBXBuildFile; fileRef = 824A47F71D5ED18300D45EFF /* Circuit.wav */; };
		824AF0BA1DEB784200405D33 /* Polish.atlas in Resources */ = {isa = PBXBuildFile; fileRef = 824AF0B91DEB784200405D33 /* Polish.atlas */; };
		824AF0CA1DEC23DF00405D33 /* Level_5.json in Resources */ = {isa = PBXBuildFile; fileRef = 824AF0C51DEC23DF00405D33 /* Level_5.json */; };
		824AF0CB1DEC23DF00405D33 /* Level_6.json in Resources */ = {isa = PBXBuildFile; fileRef = 824AF0C61DEC23DF00405D33 /* Level_6.json */; };
		824AF0CC1DEC23DF00405D33 /* Level_7.json in Resources */ = {isa = PBXBuildFile; fileRef = 824AF0C71DEC23DF00405D33 /* Level_7.json */; };
		824AF0CD1DEC23DF00405D33 /* Level_8.json in Resources */ = {isa = PBXBuildFile; fileRef = 824AF0C81DEC23DF00405D33 /* Level_8.json */; };
		824AF0CE1DEC23DF00405D33 /* Level_9.json in Resources */ = {isa = PBXBuildFile; fileRef = 824AF0C91DEC23DF00405D33 /* Level_9.json */; };
		824AF0D41DECC17000405D33 /* Level_10.json in Resources */ = {isa = PBXBuildFile; fileRef = 824AF0CF1DECC17000405D33 /* Level_10.json */; };
		824AF0D51DECC17000405D33 /* Level_11.json in Resources */ = {isa = PBXBuildFile; fileRef = 824AF0D01DECC17000405D33 /* Level_11.json */; };
		824AF0D61DECC17000405D33 /* Level_12.json in Resources */ = {isa = PBXBuildFile; fileRef = 824AF0D11DECC17000405D33 /* Level_12.json */; };
		824AF0D71DECC17000405D33 /* Level_13.json in Resources */ = {isa = PBXBuildFile; fileRef = 824AF0D21DECC17000405D33 /* Level_13.json */; };
		824AF0D81DECC17000405D33 /* Level_14.json in Resources */ = {isa = PBXBuildFile; fileRef = 824AF0D31DECC17000405D33 /* Level_14.json */; };
		824AF0DA1DEE322800405D33 /* IntroVC.swift in Sources */ = {isa = PBXBuildFile; fileRef = 824AF0D91DEE322800405D33 /* IntroVC.swift */; };
		824AF0E01DEE765300405D33 /* HowToPlayVC.swift in Sources */ = {isa = PBXBuildFile; fileRef = 824AF0DF1DEE765300405D33 /* HowToPlayVC.swift */; };
		824AF0E41DEE8F1C00405D33 /* Rush.wav in Resources */ = {isa = PBXBuildFile; fileRef = 824AF0E31DEE8F1C00405D33 /* Rush.wav */; };
		824AF0E61DEE902100405D33 /* Play.wav in Resources */ = {isa = PBXBuildFile; fileRef = 824AF0E51DEE902100405D33 /* Play.wav */; };
		824AF0F51DEF49DC00405D33 /* Level_22.json in Resources */ = {isa = PBXBuildFile; fileRef = 824AF0E71DEF49DC00405D33 /* Level_22.json */; };
		824AF0F61DEF49DC00405D33 /* Level_23.json in Resources */ = {isa = PBXBuildFile; fileRef = 824AF0E81DEF49DC00405D33 /* Level_23.json */; };
		824AF0F71DEF49DC00405D33 /* Level_24.json in Resources */ = {isa = PBXBuildFile; fileRef = 824AF0E91DEF49DC00405D33 /* Level_24.json */; };
		824AF0F81DEF49DC00405D33 /* Level_25.json in Resources */ = {isa = PBXBuildFile; fileRef = 824AF0EA1DEF49DC00405D33 /* Level_25.json */; };
		824AF0F91DEF49DC00405D33 /* Level_26.json in Resources */ = {isa = PBXBuildFile; fileRef = 824AF0EB1DEF49DC00405D33 /* Level_26.json */; };
		824AF0FA1DEF49DC00405D33 /* Level_27.json in Resources */ = {isa = PBXBuildFile; fileRef = 824AF0EC1DEF49DC00405D33 /* Level_27.json */; };
		824AF0FB1DEF49DC00405D33 /* Level_28.json in Resources */ = {isa = PBXBuildFile; fileRef = 824AF0ED1DEF49DC00405D33 /* Level_28.json */; };
		824AF0FC1DEF49DC00405D33 /* Level_29.json in Resources */ = {isa = PBXBuildFile; fileRef = 824AF0EE1DEF49DC00405D33 /* Level_29.json */; };
		824AF0FD1DEF49DC00405D33 /* Level_30.json in Resources */ = {isa = PBXBuildFile; fileRef = 824AF0EF1DEF49DC00405D33 /* Level_30.json */; };
		824AF0FE1DEF49DC00405D33 /* Level_16.json in Resources */ = {isa = PBXBuildFile; fileRef = 824AF0F01DEF49DC00405D33 /* Level_16.json */; };
		824AF0FF1DEF49DC00405D33 /* Level_17.json in Resources */ = {isa = PBXBuildFile; fileRef = 824AF0F11DEF49DC00405D33 /* Level_17.json */; };
		824AF1001DEF49DC00405D33 /* Level_18.json in Resources */ = {isa = PBXBuildFile; fileRef = 824AF0F21DEF49DC00405D33 /* Level_18.json */; };
		824AF1011DEF49DC00405D33 /* Level_19.json in Resources */ = {isa = PBXBuildFile; fileRef = 824AF0F31DEF49DC00405D33 /* Level_19.json */; };
		824AF1021DEF49DC00405D33 /* Level_20.json in Resources */ = {isa = PBXBuildFile; fileRef = 824AF0F41DEF49DC00405D33 /* Level_20.json */; };
		824AF1041DEF49FF00405D33 /* Level_15.json in Resources */ = {isa = PBXBuildFile; fileRef = 824AF1031DEF49FF00405D33 /* Level_15.json */; };
		824AF1061DEF4A2800405D33 /* Level_21.json in Resources */ = {isa = PBXBuildFile; fileRef = 824AF1051DEF4A2800405D33 /* Level_21.json */; };
		824AF75D1E37342A00BCB925 /* Surface.swift in Sources */ = {isa = PBXBuildFile; fileRef = 824AF75C1E37342A00BCB925 /* Surface.swift */; };
		8278B23C1D62D9380063412E /* Chain.swift in Sources */ = {isa = PBXBuildFile; fileRef = 8278B23B1D62D9380063412E /* Chain.swift */; };
		82AAF4471DE6114C005D53E5 /* Bubblegum.ttf in Resources */ = {isa = PBXBuildFile; fileRef = 82AAF4461DE6114C005D53E5 /* Bubblegum.ttf */; };
		82AF429B1D52FFEA002168AE /* AppDelegate.swift in Sources */ = {isa = PBXBuildFile; fileRef = 82AF429A1D52FFEA002168AE /* AppDelegate.swift */; };
		82AF429F1D52FFEA002168AE /* GameScene.swift in Sources */ = {isa = PBXBuildFile; fileRef = 82AF429E1D52FFEA002168AE /* GameScene.swift */; };
		82AF42A11D52FFEA002168AE /* GameViewController.swift in Sources */ = {isa = PBXBuildFile; fileRef = 82AF42A01D52FFEA002168AE /* GameViewController.swift */; };
		82AF42A41D52FFEA002168AE /* Main.storyboard in Resources */ = {isa = PBXBuildFile; fileRef = 82AF42A21D52FFEA002168AE /* Main.storyboard */; };
		82AF42A61D52FFEA002168AE /* Assets.xcassets in Resources */ = {isa = PBXBuildFile; fileRef = 82AF42A51D52FFEA002168AE /* Assets.xcassets */; };
		82AF42A91D52FFEA002168AE /* LaunchScreen.storyboard in Resources */ = {isa = PBXBuildFile; fileRef = 82AF42A71D52FFEA002168AE /* LaunchScreen.storyboard */; };
		82AF42B11D530287002168AE /* Emoji.swift in Sources */ = {isa = PBXBuildFile; fileRef = 82AF42B01D530287002168AE /* Emoji.swift */; };
		82AF42B31D5313D0002168AE /* 2DArray.swift in Sources */ = {isa = PBXBuildFile; fileRef = 82AF42B21D5313D0002168AE /* 2DArray.swift */; };
		82AF42B51D5315A0002168AE /* Level.swift in Sources */ = {isa = PBXBuildFile; fileRef = 82AF42B41D5315A0002168AE /* Level.swift */; };
		82AF42B71D531D7B002168AE /* Emoji.atlas in Resources */ = {isa = PBXBuildFile; fileRef = 82AF42B61D531D7B002168AE /* Emoji.atlas */; };
		82AF42BD1D532C55002168AE /* Extensions.swift in Sources */ = {isa = PBXBuildFile; fileRef = 82AF42BC1D532C55002168AE /* Extensions.swift */; };
		82AF42C61D53B7B9002168AE /* Level_0.json in Resources */ = {isa = PBXBuildFile; fileRef = 82AF42C11D53B7B9002168AE /* Level_0.json */; };
		82AF42C71D53B7B9002168AE /* Level_1.json in Resources */ = {isa = PBXBuildFile; fileRef = 82AF42C21D53B7B9002168AE /* Level_1.json */; };
		82AF42C81D53B7B9002168AE /* Level_2.json in Resources */ = {isa = PBXBuildFile; fileRef = 82AF42C31D53B7B9002168AE /* Level_2.json */; };
		82AF42C91D53B7B9002168AE /* Level_3.json in Resources */ = {isa = PBXBuildFile; fileRef = 82AF42C41D53B7B9002168AE /* Level_3.json */; };
		82AF42CA1D53B7B9002168AE /* Level_4.json in Resources */ = {isa = PBXBuildFile; fileRef = 82AF42C51D53B7B9002168AE /* Level_4.json */; };
		82AF42CC1D543270002168AE /* Swap.swift in Sources */ = {isa = PBXBuildFile; fileRef = 82AF42CB1D543270002168AE /* Swap.swift */; };
		82D2320B1DFE9E5F009C2775 /* Emoji_WorldTests.m in Sources */ = {isa = PBXBuildFile; fileRef = 82D2320A1DFE9E5F009C2775 /* Emoji_WorldTests.m */; };
		82D232191DFE9E6D009C2775 /* Emoji_WorldUITests.m in Sources */ = {isa = PBXBuildFile; fileRef = 82D232181DFE9E6D009C2775 /* Emoji_WorldUITests.m */; };
/* End PBXBuildFile section */

/* Begin PBXContainerItemProxy section */
		82D2320D1DFE9E5F009C2775 /* PBXContainerItemProxy */ = {
			isa = PBXContainerItemProxy;
			containerPortal = 82AF428F1D52FFE9002168AE /* Project object */;
			proxyType = 1;
			remoteGlobalIDString = 82AF42961D52FFEA002168AE;
			remoteInfo = "Emoji World";
		};
		82D2321B1DFE9E6D009C2775 /* PBXContainerItemProxy */ = {
			isa = PBXContainerItemProxy;
			containerPortal = 82AF428F1D52FFE9002168AE /* Project object */;
			proxyType = 1;
			remoteGlobalIDString = 82AF42961D52FFEA002168AE;
			remoteInfo = "Emoji World";
		};
/* End PBXContainerItemProxy section */

/* Begin PBXFileReference section */
		8209A62F1E0AD74F00108C68 /* George Street Shuffle.mp3 */ = {isa = PBXFileReference; lastKnownFileType = audio.mp3; path = "George Street Shuffle.mp3"; sourceTree = "<group>"; };
		824A47EF1D5ECFE500D45EFF /* A Nine.wav */ = {isa = PBXFileReference; lastKnownFileType = audio.wav; path = "A Nine.wav"; sourceTree = "<group>"; };
		824A47F01D5ECFE500D45EFF /* Brrr.wav */ = {isa = PBXFileReference; lastKnownFileType = audio.wav; path = Brrr.wav; sourceTree = "<group>"; };
		824A47F11D5ECFE500D45EFF /* Bub.wav */ = {isa = PBXFileReference; lastKnownFileType = audio.wav; path = Bub.wav; sourceTree = "<group>"; };
		824A47F21D5ECFE500D45EFF /* Laser Beam.wav */ = {isa = PBXFileReference; lastKnownFileType = audio.wav; path = "Laser Beam.wav"; sourceTree = "<group>"; };
		824A47F71D5ED18300D45EFF /* Circuit.wav */ = {isa = PBXFileReference; lastKnownFileType = audio.wav; path = Circuit.wav; sourceTree = "<group>"; };
		824AF0B91DEB784200405D33 /* Polish.atlas */ = {isa = PBXFileReference; lastKnownFileType = folder.skatlas; path = Polish.atlas; sourceTree = "<group>"; };
		824AF0C51DEC23DF00405D33 /* Level_5.json */ = {isa = PBXFileReference; fileEncoding = 4; lastKnownFileType = text.json; path = Level_5.json; sourceTree = "<group>"; };
		824AF0C61DEC23DF00405D33 /* Level_6.json */ = {isa = PBXFileReference; fileEncoding = 4; lastKnownFileType = text.json; path = Level_6.json; sourceTree = "<group>"; };
		824AF0C71DEC23DF00405D33 /* Level_7.json */ = {isa = PBXFileReference; fileEncoding = 4; lastKnownFileType = text.json; path = Level_7.json; sourceTree = "<group>"; };
		824AF0C81DEC23DF00405D33 /* Level_8.json */ = {isa = PBXFileReference; fileEncoding = 4; lastKnownFileType = text.json; path = Level_8.json; sourceTree = "<group>"; };
		824AF0C91DEC23DF00405D33 /* Level_9.json */ = {isa = PBXFileReference; fileEncoding = 4; lastKnownFileType = text.json; path = Level_9.json; sourceTree = "<group>"; };
		824AF0CF1DECC17000405D33 /* Level_10.json */ = {isa = PBXFileReference; fileEncoding = 4; lastKnownFileType = text.json; path = Level_10.json; sourceTree = "<group>"; };
		824AF0D01DECC17000405D33 /* Level_11.json */ = {isa = PBXFileReference; fileEncoding = 4; lastKnownFileType = text.json; path = Level_11.json; sourceTree = "<group>"; };
		824AF0D11DECC17000405D33 /* Level_12.json */ = {isa = PBXFileReference; fileEncoding = 4; lastKnownFileType = text.json; path = Level_12.json; sourceTree = "<group>"; };
		824AF0D21DECC17000405D33 /* Level_13.json */ = {isa = PBXFileReference; fileEncoding = 4; lastKnownFileType = text.json; path = Level_13.json; sourceTree = "<group>"; };
		824AF0D31DECC17000405D33 /* Level_14.json */ = {isa = PBXFileReference; fileEncoding = 4; lastKnownFileType = text.json; path = Level_14.json; sourceTree = "<group>"; };
		824AF0D91DEE322800405D33 /* IntroVC.swift */ = {isa = PBXFileReference; fileEncoding = 4; lastKnownFileType = sourcecode.swift; path = IntroVC.swift; sourceTree = "<group>"; };
		824AF0DF1DEE765300405D33 /* HowToPlayVC.swift */ = {isa = PBXFileReference; fileEncoding = 4; lastKnownFileType = sourcecode.swift; path = HowToPlayVC.swift; sourceTree = "<group>"; };
		824AF0E31DEE8F1C00405D33 /* Rush.wav */ = {isa = PBXFileReference; lastKnownFileType = audio.wav; path = Rush.wav; sourceTree = "<group>"; };
		824AF0E51DEE902100405D33 /* Play.wav */ = {isa = PBXFileReference; lastKnownFileType = audio.wav; path = Play.wav; sourceTree = "<group>"; };
		824AF0E71DEF49DC00405D33 /* Level_22.json */ = {isa = PBXFileReference; fileEncoding = 4; lastKnownFileType = text.json; path = Level_22.json; sourceTree = "<group>"; };
		824AF0E81DEF49DC00405D33 /* Level_23.json */ = {isa = PBXFileReference; fileEncoding = 4; lastKnownFileType = text.json; path = Level_23.json; sourceTree = "<group>"; };
		824AF0E91DEF49DC00405D33 /* Level_24.json */ = {isa = PBXFileReference; fileEncoding = 4; lastKnownFileType = text.json; path = Level_24.json; sourceTree = "<group>"; };
		824AF0EA1DEF49DC00405D33 /* Level_25.json */ = {isa = PBXFileReference; fileEncoding = 4; lastKnownFileType = text.json; path = Level_25.json; sourceTree = "<group>"; };
		824AF0EB1DEF49DC00405D33 /* Level_26.json */ = {isa = PBXFileReference; fileEncoding = 4; lastKnownFileType = text.json; path = Level_26.json; sourceTree = "<group>"; };
		824AF0EC1DEF49DC00405D33 /* Level_27.json */ = {isa = PBXFileReference; fileEncoding = 4; lastKnownFileType = text.json; path = Level_27.json; sourceTree = "<group>"; };
		824AF0ED1DEF49DC00405D33 /* Level_28.json */ = {isa = PBXFileReference; fileEncoding = 4; lastKnownFileType = text.json; path = Level_28.json; sourceTree = "<group>"; };
		824AF0EE1DEF49DC00405D33 /* Level_29.json */ = {isa = PBXFileReference; fileEncoding = 4; lastKnownFileType = text.json; path = Level_29.json; sourceTree = "<group>"; };
		824AF0EF1DEF49DC00405D33 /* Level_30.json */ = {isa = PBXFileReference; fileEncoding = 4; lastKnownFileType = text.json; path = Level_30.json; sourceTree = "<group>"; };
		824AF0F01DEF49DC00405D33 /* Level_16.json */ = {isa = PBXFileReference; fileEncoding = 4; lastKnownFileType = text.json; path = Level_16.json; sourceTree = "<group>"; };
		824AF0F11DEF49DC00405D33 /* Level_17.json */ = {isa = PBXFileReference; fileEncoding = 4; lastKnownFileType = text.json; path = Level_17.json; sourceTree = "<group>"; };
		824AF0F21DEF49DC00405D33 /* Level_18.json */ = {isa = PBXFileReference; fileEncoding = 4; lastKnownFileType = text.json; path = Level_18.json; sourceTree = "<group>"; };
		824AF0F31DEF49DC00405D33 /* Level_19.json */ = {isa = PBXFileReference; fileEncoding = 4; lastKnownFileType = text.json; path = Level_19.json; sourceTree = "<group>"; };
		824AF0F41DEF49DC00405D33 /* Level_20.json */ = {isa = PBXFileReference; fileEncoding = 4; lastKnownFileType = text.json; path = Level_20.json; sourceTree = "<group>"; };
		824AF1031DEF49FF00405D33 /* Level_15.json */ = {isa = PBXFileReference; fileEncoding = 4; lastKnownFileType = text.json; path = Level_15.json; sourceTree = "<group>"; };
		824AF1051DEF4A2800405D33 /* Level_21.json */ = {isa = PBXFileReference; fileEncoding = 4; lastKnownFileType = text.json; path = Level_21.json; sourceTree = "<group>"; };
		824AF75C1E37342A00BCB925 /* Surface.swift */ = {isa = PBXFileReference; fileEncoding = 4; lastKnownFileType = sourcecode.swift; path = Surface.swift; sourceTree = "<group>"; };
		8278B23B1D62D9380063412E /* Chain.swift */ = {isa = PBXFileReference; fileEncoding = 4; lastKnownFileType = sourcecode.swift; path = Chain.swift; sourceTree = "<group>"; };
		82AAF4461DE6114C005D53E5 /* Bubblegum.ttf */ = {isa = PBXFileReference; lastKnownFileType = file; path = Bubblegum.ttf; sourceTree = "<group>"; };
		82AF42971D52FFEA002168AE /* Emoji World.app */ = {isa = PBXFileReference; explicitFileType = wrapper.application; includeInIndex = 0; path = "Emoji World.app"; sourceTree = BUILT_PRODUCTS_DIR; };
		82AF429A1D52FFEA002168AE /* AppDelegate.swift */ = {isa = PBXFileReference; lastKnownFileType = sourcecode.swift; path = AppDelegate.swift; sourceTree = "<group>"; };
		82AF429E1D52FFEA002168AE /* GameScene.swift */ = {isa = PBXFileReference; lastKnownFileType = sourcecode.swift; path = GameScene.swift; sourceTree = "<group>"; };
		82AF42A01D52FFEA002168AE /* GameViewController.swift */ = {isa = PBXFileReference; lastKnownFileType = sourcecode.swift; path = GameViewController.swift; sourceTree = "<group>"; };
		82AF42A31D52FFEA002168AE /* Base */ = {isa = PBXFileReference; lastKnownFileType = file.storyboard; name = Base; path = Base.lproj/Main.storyboard; sourceTree = "<group>"; };
		82AF42A51D52FFEA002168AE /* Assets.xcassets */ = {isa = PBXFileReference; lastKnownFileType = folder.assetcatalog; path = Assets.xcassets; sourceTree = "<group>"; };
		82AF42A81D52FFEA002168AE /* Base */ = {isa = PBXFileReference; lastKnownFileType = file.storyboard; name = Base; path = Base.lproj/LaunchScreen.storyboard; sourceTree = "<group>"; };
		82AF42AA1D52FFEA002168AE /* Info.plist */ = {isa = PBXFileReference; lastKnownFileType = text.plist.xml; path = Info.plist; sourceTree = "<group>"; };
		82AF42B01D530287002168AE /* Emoji.swift */ = {isa = PBXFileReference; fileEncoding = 4; lastKnownFileType = sourcecode.swift; path = Emoji.swift; sourceTree = "<group>"; };
		82AF42B21D5313D0002168AE /* 2DArray.swift */ = {isa = PBXFileReference; fileEncoding = 4; lastKnownFileType = sourcecode.swift; path = 2DArray.swift; sourceTree = "<group>"; };
		82AF42B41D5315A0002168AE /* Level.swift */ = {isa = PBXFileReference; fileEncoding = 4; lastKnownFileType = sourcecode.swift; path = Level.swift; sourceTree = "<group>"; };
		82AF42B61D531D7B002168AE /* Emoji.atlas */ = {isa = PBXFileReference; lastKnownFileType = folder.skatlas; path = Emoji.atlas; sourceTree = "<group>"; };
		82AF42BC1D532C55002168AE /* Extensions.swift */ = {isa = PBXFileReference; fileEncoding = 4; lastKnownFileType = sourcecode.swift; path = Extensions.swift; sourceTree = "<group>"; };
		82AF42C11D53B7B9002168AE /* Level_0.json */ = {isa = PBXFileReference; fileEncoding = 4; lastKnownFileType = text.json; path = Level_0.json; sourceTree = "<group>"; };
		82AF42C21D53B7B9002168AE /* Level_1.json */ = {isa = PBXFileReference; fileEncoding = 4; lastKnownFileType = text.json; path = Level_1.json; sourceTree = "<group>"; };
		82AF42C31D53B7B9002168AE /* Level_2.json */ = {isa = PBXFileReference; fileEncoding = 4; lastKnownFileType = text.json; path = Level_2.json; sourceTree = "<group>"; };
		82AF42C41D53B7B9002168AE /* Level_3.json */ = {isa = PBXFileReference; fileEncoding = 4; lastKnownFileType = text.json; path = Level_3.json; sourceTree = "<group>"; };
		82AF42C51D53B7B9002168AE /* Level_4.json */ = {isa = PBXFileReference; fileEncoding = 4; lastKnownFileType = text.json; path = Level_4.json; sourceTree = "<group>"; };
		82AF42CB1D543270002168AE /* Swap.swift */ = {isa = PBXFileReference; fileEncoding = 4; lastKnownFileType = sourcecode.swift; path = Swap.swift; sourceTree = "<group>"; };
		82D232081DFE9E5E009C2775 /* Emoji WorldTests.xctest */ = {isa = PBXFileReference; explicitFileType = wrapper.cfbundle; includeInIndex = 0; path = "Emoji WorldTests.xctest"; sourceTree = BUILT_PRODUCTS_DIR; };
		82D2320A1DFE9E5F009C2775 /* Emoji_WorldTests.m */ = {isa = PBXFileReference; lastKnownFileType = sourcecode.c.objc; path = Emoji_WorldTests.m; sourceTree = "<group>"; };
		82D2320C1DFE9E5F009C2775 /* Info.plist */ = {isa = PBXFileReference; lastKnownFileType = text.plist.xml; path = Info.plist; sourceTree = "<group>"; };
		82D232161DFE9E6D009C2775 /* Emoji WorldUITests.xctest */ = {isa = PBXFileReference; explicitFileType = wrapper.cfbundle; includeInIndex = 0; path = "Emoji WorldUITests.xctest"; sourceTree = BUILT_PRODUCTS_DIR; };
		82D232181DFE9E6D009C2775 /* Emoji_WorldUITests.m */ = {isa = PBXFileReference; lastKnownFileType = sourcecode.c.objc; path = Emoji_WorldUITests.m; sourceTree = "<group>"; };
		82D2321A1DFE9E6D009C2775 /* Info.plist */ = {isa = PBXFileReference; lastKnownFileType = text.plist.xml; path = Info.plist; sourceTree = "<group>"; };
/* End PBXFileReference section */

/* Begin PBXFrameworksBuildPhase section */
		82AF42941D52FFEA002168AE /* Frameworks */ = {
			isa = PBXFrameworksBuildPhase;
			buildActionMask = 2147483647;
			files = (
			);
			runOnlyForDeploymentPostprocessing = 0;
		};
		82D232051DFE9E5E009C2775 /* Frameworks */ = {
			isa = PBXFrameworksBuildPhase;
			buildActionMask = 2147483647;
			files = (
			);
			runOnlyForDeploymentPostprocessing = 0;
		};
		82D232131DFE9E6D009C2775 /* Frameworks */ = {
			isa = PBXFrameworksBuildPhase;
			buildActionMask = 2147483647;
			files = (
			);
			runOnlyForDeploymentPostprocessing = 0;
		};
/* End PBXFrameworksBuildPhase section */

/* Begin PBXGroup section */
		8239D6F71D565A7500FECD3F /* Sounds */ = {
			isa = PBXGroup;
			children = (
				824A47F71D5ED18300D45EFF /* Circuit.wav */,
				824A47EF1D5ECFE500D45EFF /* A Nine.wav */,
				824A47F01D5ECFE500D45EFF /* Brrr.wav */,
				824A47F11D5ECFE500D45EFF /* Bub.wav */,
				824A47F21D5ECFE500D45EFF /* Laser Beam.wav */,
				824AF0E51DEE902100405D33 /* Play.wav */,
				8209A62F1E0AD74F00108C68 /* George Street Shuffle.mp3 */,
				824AF0E31DEE8F1C00405D33 /* Rush.wav */,
			);
			path = Sounds;
			sourceTree = "<group>";
		};
		82AAF4271DE2558A005D53E5 /* Controller */ = {
			isa = PBXGroup;
			children = (
				82AF42A01D52FFEA002168AE /* GameViewController.swift */,
				824AF0D91DEE322800405D33 /* IntroVC.swift */,
				824AF0DF1DEE765300405D33 /* HowToPlayVC.swift */,
			);
			name = Controller;
			sourceTree = "<group>";
		};
		82AAF4291DE255A3005D53E5 /* View */ = {
			isa = PBXGroup;
			children = (
				82AF429E1D52FFEA002168AE /* GameScene.swift */,
				82AAF42D1DE2A620005D53E5 /* Storyboards */,
			);
			name = View;
			sourceTree = "<group>";
		};
		82AAF42A1DE255A7005D53E5 /* Model */ = {
			isa = PBXGroup;
			children = (
				8278B23B1D62D9380063412E /* Chain.swift */,
				82AF42CB1D543270002168AE /* Swap.swift */,
				82AF42B01D530287002168AE /* Emoji.swift */,
				82AF42B41D5315A0002168AE /* Level.swift */,
				82AF42B21D5313D0002168AE /* 2DArray.swift */,
				824AF75C1E37342A00BCB925 /* Surface.swift */,
			);
			name = Model;
			sourceTree = "<group>";
		};
		82AAF42D1DE2A620005D53E5 /* Storyboards */ = {
			isa = PBXGroup;
			children = (
				82AF42A21D52FFEA002168AE /* Main.storyboard */,
				82AF42A71D52FFEA002168AE /* LaunchScreen.storyboard */,
			);
			name = Storyboards;
			sourceTree = "<group>";
		};
		82AAF42E1DE2A645005D53E5 /* Supporting Files */ = {
			isa = PBXGroup;
			children = (
				82AF429A1D52FFEA002168AE /* AppDelegate.swift */,
				82AF42AA1D52FFEA002168AE /* Info.plist */,
				82AAF4461DE6114C005D53E5 /* Bubblegum.ttf */,
			);
			name = "Supporting Files";
			sourceTree = "<group>";
		};
		82AAF42F1DE2A675005D53E5 /* Extensions */ = {
			isa = PBXGroup;
			children = (
				82AF42BC1D532C55002168AE /* Extensions.swift */,
			);
			name = Extensions;
			sourceTree = "<group>";
		};
		82AF428E1D52FFE9002168AE = {
			isa = PBXGroup;
			children = (
				82AF42991D52FFEA002168AE /* Emoji World */,
				82D232091DFE9E5F009C2775 /* Emoji WorldTests */,
				82D232171DFE9E6D009C2775 /* Emoji WorldUITests */,
				82AF42981D52FFEA002168AE /* Products */,
			);
			sourceTree = "<group>";
		};
		82AF42981D52FFEA002168AE /* Products */ = {
			isa = PBXGroup;
			children = (
				82AF42971D52FFEA002168AE /* Emoji World.app */,
				82D232081DFE9E5E009C2775 /* Emoji WorldTests.xctest */,
				82D232161DFE9E6D009C2775 /* Emoji WorldUITests.xctest */,
			);
			name = Products;
			sourceTree = "<group>";
		};
		82AF42991D52FFEA002168AE /* Emoji World */ = {
			isa = PBXGroup;
			children = (
				82AAF42A1DE255A7005D53E5 /* Model */,
				82AAF4291DE255A3005D53E5 /* View */,
				82AAF4271DE2558A005D53E5 /* Controller */,
				82AF42C01D53B7B9002168AE /* Levels */,
				82AAF42F1DE2A675005D53E5 /* Extensions */,
				8239D6F71D565A7500FECD3F /* Sounds */,
				82AAF42E1DE2A645005D53E5 /* Supporting Files */,
				82AF42A51D52FFEA002168AE /* Assets.xcassets */,
				824AF0B91DEB784200405D33 /* Polish.atlas */,
				82AF42B61D531D7B002168AE /* Emoji.atlas */,
			);
			path = "Emoji World";
			sourceTree = "<group>";
		};
		82AF42C01D53B7B9002168AE /* Levels */ = {
			isa = PBXGroup;
			children = (
				82AF42C11D53B7B9002168AE /* Level_0.json */,
				82AF42C21D53B7B9002168AE /* Level_1.json */,
				82AF42C31D53B7B9002168AE /* Level_2.json */,
				82AF42C41D53B7B9002168AE /* Level_3.json */,
				82AF42C51D53B7B9002168AE /* Level_4.json */,
				824AF0C51DEC23DF00405D33 /* Level_5.json */,
				824AF0C61DEC23DF00405D33 /* Level_6.json */,
				824AF0C71DEC23DF00405D33 /* Level_7.json */,
				824AF0C81DEC23DF00405D33 /* Level_8.json */,
				824AF0C91DEC23DF00405D33 /* Level_9.json */,
				824AF0CF1DECC17000405D33 /* Level_10.json */,
				824AF0D01DECC17000405D33 /* Level_11.json */,
				824AF0D11DECC17000405D33 /* Level_12.json */,
				824AF0D21DECC17000405D33 /* Level_13.json */,
				824AF0D31DECC17000405D33 /* Level_14.json */,
				824AF1031DEF49FF00405D33 /* Level_15.json */,
				824AF0F01DEF49DC00405D33 /* Level_16.json */,
				824AF0F11DEF49DC00405D33 /* Level_17.json */,
				824AF0F21DEF49DC00405D33 /* Level_18.json */,
				824AF0F31DEF49DC00405D33 /* Level_19.json */,
				824AF0F41DEF49DC00405D33 /* Level_20.json */,
				824AF1051DEF4A2800405D33 /* Level_21.json */,
				824AF0E71DEF49DC00405D33 /* Level_22.json */,
				824AF0E81DEF49DC00405D33 /* Level_23.json */,
				824AF0E91DEF49DC00405D33 /* Level_24.json */,
				824AF0EA1DEF49DC00405D33 /* Level_25.json */,
				824AF0EB1DEF49DC00405D33 /* Level_26.json */,
				824AF0EC1DEF49DC00405D33 /* Level_27.json */,
				824AF0ED1DEF49DC00405D33 /* Level_28.json */,
				824AF0EE1DEF49DC00405D33 /* Level_29.json */,
				824AF0EF1DEF49DC00405D33 /* Level_30.json */,
			);
			path = Levels;
			sourceTree = "<group>";
		};
		82D232091DFE9E5F009C2775 /* Emoji WorldTests */ = {
			isa = PBXGroup;
			children = (
				82D2320A1DFE9E5F009C2775 /* Emoji_WorldTests.m */,
				82D2320C1DFE9E5F009C2775 /* Info.plist */,
			);
			path = "Emoji WorldTests";
			sourceTree = "<group>";
		};
		82D232171DFE9E6D009C2775 /* Emoji WorldUITests */ = {
			isa = PBXGroup;
			children = (
				82D232181DFE9E6D009C2775 /* Emoji_WorldUITests.m */,
				82D2321A1DFE9E6D009C2775 /* Info.plist */,
			);
			path = "Emoji WorldUITests";
			sourceTree = "<group>";
		};
/* End PBXGroup section */

/* Begin PBXNativeTarget section */
		82AF42961D52FFEA002168AE /* Emoji World */ = {
			isa = PBXNativeTarget;
			buildConfigurationList = 82AF42AD1D52FFEA002168AE /* Build configuration list for PBXNativeTarget "Emoji World" */;
			buildPhases = (
				82AF42931D52FFEA002168AE /* Sources */,
				82AF42941D52FFEA002168AE /* Frameworks */,
				82AF42951D52FFEA002168AE /* Resources */,
			);
			buildRules = (
			);
			dependencies = (
			);
			name = "Emoji World";
			productName = "Emoji World";
			productReference = 82AF42971D52FFEA002168AE /* Emoji World.app */;
			productType = "com.apple.product-type.application";
		};
		82D232071DFE9E5E009C2775 /* Emoji WorldTests */ = {
			isa = PBXNativeTarget;
			buildConfigurationList = 82D2320F1DFE9E5F009C2775 /* Build configuration list for PBXNativeTarget "Emoji WorldTests" */;
			buildPhases = (
				82D232041DFE9E5E009C2775 /* Sources */,
				82D232051DFE9E5E009C2775 /* Frameworks */,
				82D232061DFE9E5E009C2775 /* Resources */,
			);
			buildRules = (
			);
			dependencies = (
				82D2320E1DFE9E5F009C2775 /* PBXTargetDependency */,
			);
			name = "Emoji WorldTests";
			productName = "Emoji WorldTests";
			productReference = 82D232081DFE9E5E009C2775 /* Emoji WorldTests.xctest */;
			productType = "com.apple.product-type.bundle.unit-test";
		};
		82D232151DFE9E6D009C2775 /* Emoji WorldUITests */ = {
			isa = PBXNativeTarget;
			buildConfigurationList = 82D2321D1DFE9E6D009C2775 /* Build configuration list for PBXNativeTarget "Emoji WorldUITests" */;
			buildPhases = (
				82D232121DFE9E6D009C2775 /* Sources */,
				82D232131DFE9E6D009C2775 /* Frameworks */,
				82D232141DFE9E6D009C2775 /* Resources */,
			);
			buildRules = (
			);
			dependencies = (
				82D2321C1DFE9E6D009C2775 /* PBXTargetDependency */,
			);
			name = "Emoji WorldUITests";
			productName = "Emoji WorldUITests";
			productReference = 82D232161DFE9E6D009C2775 /* Emoji WorldUITests.xctest */;
			productType = "com.apple.product-type.bundle.ui-testing";
		};
/* End PBXNativeTarget section */

/* Begin PBXProject section */
		82AF428F1D52FFE9002168AE /* Project object */ = {
			isa = PBXProject;
			attributes = {
				KnownAssetTags = (
					"com.apple.gamecenter.Dashboard Image",
					com.apple.gamecenter.Leaderboard,
				);
				LastSwiftUpdateCheck = 0730;
				LastUpgradeCheck = 0810;
				ORGANIZATIONNAME = "Michael De La Cruz";
				TargetAttributes = {
					82AF42961D52FFEA002168AE = {
						CreatedOnToolsVersion = 7.3.1;
						DevelopmentTeam = UP5S927B5L;
						LastSwiftMigration = 0820;
					};
					82D232071DFE9E5E009C2775 = {
						CreatedOnToolsVersion = 8.1;
						DevelopmentTeam = UP5S927B5L;
						LastSwiftMigration = 0820;
						ProvisioningStyle = Automatic;
						TestTargetID = 82AF42961D52FFEA002168AE;
					};
					82D232151DFE9E6D009C2775 = {
						CreatedOnToolsVersion = 8.1;
						DevelopmentTeam = UP5S927B5L;
						LastSwiftMigration = 0820;
						ProvisioningStyle = Automatic;
						TestTargetID = 82AF42961D52FFEA002168AE;
					};
				};
			};
			buildConfigurationList = 82AF42921D52FFE9002168AE /* Build configuration list for PBXProject "Emoji World" */;
			compatibilityVersion = "Xcode 3.2";
			developmentRegion = English;
			hasScannedForEncodings = 0;
			knownRegions = (
				en,
				Base,
			);
			mainGroup = 82AF428E1D52FFE9002168AE;
			productRefGroup = 82AF42981D52FFEA002168AE /* Products */;
			projectDirPath = "";
			projectRoot = "";
			targets = (
				82AF42961D52FFEA002168AE /* Emoji World */,
				82D232071DFE9E5E009C2775 /* Emoji WorldTests */,
				82D232151DFE9E6D009C2775 /* Emoji WorldUITests */,
			);
		};
/* End PBXProject section */

/* Begin PBXResourcesBuildPhase section */
		82AF42951D52FFEA002168AE /* Resources */ = {
			isa = PBXResourcesBuildPhase;
			buildActionMask = 2147483647;
			files = (
				824A47F51D5ECFE500D45EFF /* Bub.wav in Resources */,
				824AF0FA1DEF49DC00405D33 /* Level_27.json in Resources */,
				824AF1011DEF49DC00405D33 /* Level_19.json in Resources */,
				82AAF4471DE6114C005D53E5 /* Bubblegum.ttf in Resources */,
				824AF0F91DEF49DC00405D33 /* Level_26.json in Resources */,
				82AF42A91D52FFEA002168AE /* LaunchScreen.storyboard in Resources */,
				824A47F81D5ED18300D45EFF /* Circuit.wav in Resources */,
				824AF0D71DECC17000405D33 /* Level_13.json in Resources */,
				824AF0CE1DEC23DF00405D33 /* Level_9.json in Resources */,
				824AF0E61DEE902100405D33 /* Play.wav in Resources */,
				824A47F31D5ECFE500D45EFF /* A Nine.wav in Resources */,
				82AF42CA1D53B7B9002168AE /* Level_4.json in Resources */,
				82AF42C81D53B7B9002168AE /* Level_2.json in Resources */,
				824AF0FB1DEF49DC00405D33 /* Level_28.json in Resources */,
				824AF1021DEF49DC00405D33 /* Level_20.json in Resources */,
				824AF0FE1DEF49DC00405D33 /* Level_16.json in Resources */,
				82AF42C61D53B7B9002168AE /* Level_0.json in Resources */,
				824AF0D81DECC17000405D33 /* Level_14.json in Resources */,
				824AF0F71DEF49DC00405D33 /* Level_24.json in Resources */,
				82AF42A61D52FFEA002168AE /* Assets.xcassets in Resources */,
				824A47F41D5ECFE500D45EFF /* Brrr.wav in Resources */,
				82AF42B71D531D7B002168AE /* Emoji.atlas in Resources */,
				824AF0D61DECC17000405D33 /* Level_12.json in Resources */,
				82AF42C71D53B7B9002168AE /* Level_1.json in Resources */,
				824AF0F61DEF49DC00405D33 /* Level_23.json in Resources */,
				824AF0FF1DEF49DC00405D33 /* Level_17.json in Resources */,
				824AF0F81DEF49DC00405D33 /* Level_25.json in Resources */,
				824AF0FC1DEF49DC00405D33 /* Level_29.json in Resources */,
				824AF0BA1DEB784200405D33 /* Polish.atlas in Resources */,
				824AF0D41DECC17000405D33 /* Level_10.json in Resources */,
				824AF0FD1DEF49DC00405D33 /* Level_30.json in Resources */,
				824AF0F51DEF49DC00405D33 /* Level_22.json in Resources */,
				824AF0CA1DEC23DF00405D33 /* Level_5.json in Resources */,
				82AF42C91D53B7B9002168AE /* Level_3.json in Resources */,
				824A47F61D5ECFE500D45EFF /* Laser Beam.wav in Resources */,
				824AF0CB1DEC23DF00405D33 /* Level_6.json in Resources */,
				824AF0E41DEE8F1C00405D33 /* Rush.wav in Resources */,
				824AF0CC1DEC23DF00405D33 /* Level_7.json in Resources */,
				82AF42A41D52FFEA002168AE /* Main.storyboard in Resources */,
				824AF1061DEF4A2800405D33 /* Level_21.json in Resources */,
				824AF1001DEF49DC00405D33 /* Level_18.json in Resources */,
				8209A6301E0AD74F00108C68 /* George Street Shuffle.mp3 in Resources */,
				824AF0D51DECC17000405D33 /* Level_11.json in Resources */,
				824AF1041DEF49FF00405D33 /* Level_15.json in Resources */,
				824AF0CD1DEC23DF00405D33 /* Level_8.json in Resources */,
			);
			runOnlyForDeploymentPostprocessing = 0;
		};
		82D232061DFE9E5E009C2775 /* Resources */ = {
			isa = PBXResourcesBuildPhase;
			buildActionMask = 2147483647;
			files = (
			);
			runOnlyForDeploymentPostprocessing = 0;
		};
		82D232141DFE9E6D009C2775 /* Resources */ = {
			isa = PBXResourcesBuildPhase;
			buildActionMask = 2147483647;
			files = (
			);
			runOnlyForDeploymentPostprocessing = 0;
		};
/* End PBXResourcesBuildPhase section */

/* Begin PBXSourcesBuildPhase section */
		82AF42931D52FFEA002168AE /* Sources */ = {
			isa = PBXSourcesBuildPhase;
			buildActionMask = 2147483647;
			files = (
				824AF0E01DEE765300405D33 /* HowToPlayVC.swift in Sources */,
				824AF75D1E37342A00BCB925 /* Surface.swift in Sources */,
				82AF42B51D5315A0002168AE /* Level.swift in Sources */,
				82AF429F1D52FFEA002168AE /* GameScene.swift in Sources */,
				82AF42B31D5313D0002168AE /* 2DArray.swift in Sources */,
				82AF42BD1D532C55002168AE /* Extensions.swift in Sources */,
				82AF42A11D52FFEA002168AE /* GameViewController.swift in Sources */,
				8278B23C1D62D9380063412E /* Chain.swift in Sources */,
				824AF0DA1DEE322800405D33 /* IntroVC.swift in Sources */,
				82AF42B11D530287002168AE /* Emoji.swift in Sources */,
				82AF429B1D52FFEA002168AE /* AppDelegate.swift in Sources */,
				82AF42CC1D543270002168AE /* Swap.swift in Sources */,
			);
			runOnlyForDeploymentPostprocessing = 0;
		};
		82D232041DFE9E5E009C2775 /* Sources */ = {
			isa = PBXSourcesBuildPhase;
			buildActionMask = 2147483647;
			files = (
				82D2320B1DFE9E5F009C2775 /* Emoji_WorldTests.m in Sources */,
			);
			runOnlyForDeploymentPostprocessing = 0;
		};
		82D232121DFE9E6D009C2775 /* Sources */ = {
			isa = PBXSourcesBuildPhase;
			buildActionMask = 2147483647;
			files = (
				82D232191DFE9E6D009C2775 /* Emoji_WorldUITests.m in Sources */,
			);
			runOnlyForDeploymentPostprocessing = 0;
		};
/* End PBXSourcesBuildPhase section */

/* Begin PBXTargetDependency section */
		82D2320E1DFE9E5F009C2775 /* PBXTargetDependency */ = {
			isa = PBXTargetDependency;
			target = 82AF42961D52FFEA002168AE /* Emoji World */;
			targetProxy = 82D2320D1DFE9E5F009C2775 /* PBXContainerItemProxy */;
		};
		82D2321C1DFE9E6D009C2775 /* PBXTargetDependency */ = {
			isa = PBXTargetDependency;
			target = 82AF42961D52FFEA002168AE /* Emoji World */;
			targetProxy = 82D2321B1DFE9E6D009C2775 /* PBXContainerItemProxy */;
		};
/* End PBXTargetDependency section */

/* Begin PBXVariantGroup section */
		82AF42A21D52FFEA002168AE /* Main.storyboard */ = {
			isa = PBXVariantGroup;
			children = (
				82AF42A31D52FFEA002168AE /* Base */,
			);
			name = Main.storyboard;
			sourceTree = "<group>";
		};
		82AF42A71D52FFEA002168AE /* LaunchScreen.storyboard */ = {
			isa = PBXVariantGroup;
			children = (
				82AF42A81D52FFEA002168AE /* Base */,
			);
			name = LaunchScreen.storyboard;
			sourceTree = "<group>";
		};
/* End PBXVariantGroup section */

/* Begin XCBuildConfiguration section */
		82AF42AB1D52FFEA002168AE /* Debug */ = {
			isa = XCBuildConfiguration;
			buildSettings = {
				ALWAYS_SEARCH_USER_PATHS = NO;
				CLANG_ANALYZER_NONNULL = YES;
				CLANG_CXX_LANGUAGE_STANDARD = "gnu++0x";
				CLANG_CXX_LIBRARY = "libc++";
				CLANG_ENABLE_MODULES = YES;
				CLANG_ENABLE_OBJC_ARC = YES;
				CLANG_WARN_BOOL_CONVERSION = YES;
				CLANG_WARN_CONSTANT_CONVERSION = YES;
				CLANG_WARN_DIRECT_OBJC_ISA_USAGE = YES_ERROR;
				CLANG_WARN_EMPTY_BODY = YES;
				CLANG_WARN_ENUM_CONVERSION = YES;
				CLANG_WARN_INFINITE_RECURSION = YES;
				CLANG_WARN_INT_CONVERSION = YES;
				CLANG_WARN_OBJC_ROOT_CLASS = YES_ERROR;
				CLANG_WARN_SUSPICIOUS_MOVE = YES;
				CLANG_WARN_UNREACHABLE_CODE = YES;
				CLANG_WARN__DUPLICATE_METHOD_MATCH = YES;
				"CODE_SIGN_IDENTITY[sdk=iphoneos*]" = "iPhone Developer";
				COPY_PHASE_STRIP = NO;
				DEBUG_INFORMATION_FORMAT = "dwarf-with-dsym";
				ENABLE_STRICT_OBJC_MSGSEND = YES;
				ENABLE_TESTABILITY = YES;
				GCC_C_LANGUAGE_STANDARD = gnu99;
				GCC_DYNAMIC_NO_PIC = NO;
				GCC_NO_COMMON_BLOCKS = YES;
				GCC_OPTIMIZATION_LEVEL = 0;
				GCC_PREPROCESSOR_DEFINITIONS = (
					"DEBUG=1",
					"$(inherited)",
				);
				GCC_WARN_64_TO_32_BIT_CONVERSION = YES;
				GCC_WARN_ABOUT_RETURN_TYPE = YES_ERROR;
				GCC_WARN_UNDECLARED_SELECTOR = YES;
				GCC_WARN_UNINITIALIZED_AUTOS = YES_AGGRESSIVE;
				GCC_WARN_UNUSED_FUNCTION = YES;
				GCC_WARN_UNUSED_VARIABLE = YES;
				IPHONEOS_DEPLOYMENT_TARGET = 9.0;
				MTL_ENABLE_DEBUG_INFO = YES;
				ONLY_ACTIVE_ARCH = YES;
				SDKROOT = iphoneos;
				SWIFT_OPTIMIZATION_LEVEL = "-Onone";
			};
			name = Debug;
		};
		82AF42AC1D52FFEA002168AE /* Release */ = {
			isa = XCBuildConfiguration;
			buildSettings = {
				ALWAYS_SEARCH_USER_PATHS = NO;
				CLANG_ANALYZER_NONNULL = YES;
				CLANG_CXX_LANGUAGE_STANDARD = "gnu++0x";
				CLANG_CXX_LIBRARY = "libc++";
				CLANG_ENABLE_MODULES = YES;
				CLANG_ENABLE_OBJC_ARC = YES;
				CLANG_WARN_BOOL_CONVERSION = YES;
				CLANG_WARN_CONSTANT_CONVERSION = YES;
				CLANG_WARN_DIRECT_OBJC_ISA_USAGE = YES_ERROR;
				CLANG_WARN_EMPTY_BODY = YES;
				CLANG_WARN_ENUM_CONVERSION = YES;
				CLANG_WARN_INFINITE_RECURSION = YES;
				CLANG_WARN_INT_CONVERSION = YES;
				CLANG_WARN_OBJC_ROOT_CLASS = YES_ERROR;
				CLANG_WARN_SUSPICIOUS_MOVE = YES;
				CLANG_WARN_UNREACHABLE_CODE = YES;
				CLANG_WARN__DUPLICATE_METHOD_MATCH = YES;
				"CODE_SIGN_IDENTITY[sdk=iphoneos*]" = "iPhone Developer";
				COPY_PHASE_STRIP = NO;
				DEBUG_INFORMATION_FORMAT = "dwarf-with-dsym";
				ENABLE_NS_ASSERTIONS = NO;
				ENABLE_STRICT_OBJC_MSGSEND = YES;
				GCC_C_LANGUAGE_STANDARD = gnu99;
				GCC_NO_COMMON_BLOCKS = YES;
				GCC_WARN_64_TO_32_BIT_CONVERSION = YES;
				GCC_WARN_ABOUT_RETURN_TYPE = YES_ERROR;
				GCC_WARN_UNDECLARED_SELECTOR = YES;
				GCC_WARN_UNINITIALIZED_AUTOS = YES_AGGRESSIVE;
				GCC_WARN_UNUSED_FUNCTION = YES;
				GCC_WARN_UNUSED_VARIABLE = YES;
				IPHONEOS_DEPLOYMENT_TARGET = 9.0;
				MTL_ENABLE_DEBUG_INFO = NO;
				SDKROOT = iphoneos;
				SWIFT_OPTIMIZATION_LEVEL = "-Owholemodule";
				VALIDATE_PRODUCT = YES;
			};
			name = Release;
		};
		82AF42AE1D52FFEA002168AE /* Debug */ = {
			isa = XCBuildConfiguration;
			buildSettings = {
				ASSETCATALOG_COMPILER_APPICON_NAME = AppIcon;
				DEVELOPMENT_TEAM = UP5S927B5L;
				INFOPLIST_FILE = "Emoji World/Info.plist";
				LD_RUNPATH_SEARCH_PATHS = "$(inherited) @executable_path/Frameworks";
				PRODUCT_BUNDLE_IDENTIFIER = "com.MichaelD.Emoji-World";
				PRODUCT_NAME = "$(TARGET_NAME)";
				SWIFT_VERSION = 3.0;
			};
			name = Debug;
		};
		82AF42AF1D52FFEA002168AE /* Release */ = {
			isa = XCBuildConfiguration;
			buildSettings = {
				ASSETCATALOG_COMPILER_APPICON_NAME = AppIcon;
				DEVELOPMENT_TEAM = UP5S927B5L;
				INFOPLIST_FILE = "Emoji World/Info.plist";
				LD_RUNPATH_SEARCH_PATHS = "$(inherited) @executable_path/Frameworks";
				PRODUCT_BUNDLE_IDENTIFIER = "com.MichaelD.Emoji-World";
				PRODUCT_NAME = "$(TARGET_NAME)";
				SWIFT_VERSION = 3.0;
			};
			name = Release;
		};
		82D232101DFE9E5F009C2775 /* Debug */ = {
			isa = XCBuildConfiguration;
			buildSettings = {
				ALWAYS_EMBED_SWIFT_STANDARD_LIBRARIES = YES;
				BUNDLE_LOADER = "$(TEST_HOST)";
				CLANG_WARN_DOCUMENTATION_COMMENTS = YES;
				CLANG_WARN_SUSPICIOUS_MOVES = YES;
				DEBUG_INFORMATION_FORMAT = dwarf;
				DEVELOPMENT_TEAM = UP5S927B5L;
				INFOPLIST_FILE = "Emoji WorldTests/Info.plist";
				IPHONEOS_DEPLOYMENT_TARGET = 10.1;
				LD_RUNPATH_SEARCH_PATHS = "$(inherited) @executable_path/Frameworks @loader_path/Frameworks";
				PRODUCT_BUNDLE_IDENTIFIER = "MichaelD.Emoji-WorldTests";
				PRODUCT_NAME = "$(TARGET_NAME)";
				SWIFT_VERSION = 3.0;
				TEST_HOST = "$(BUILT_PRODUCTS_DIR)/Emoji World.app/Emoji World";
			};
			name = Debug;
		};
		82D232111DFE9E5F009C2775 /* Release */ = {
			isa = XCBuildConfiguration;
			buildSettings = {
				ALWAYS_EMBED_SWIFT_STANDARD_LIBRARIES = YES;
				BUNDLE_LOADER = "$(TEST_HOST)";
				CLANG_WARN_DOCUMENTATION_COMMENTS = YES;
				CLANG_WARN_SUSPICIOUS_MOVES = YES;
				DEVELOPMENT_TEAM = UP5S927B5L;
				INFOPLIST_FILE = "Emoji WorldTests/Info.plist";
				IPHONEOS_DEPLOYMENT_TARGET = 10.1;
				LD_RUNPATH_SEARCH_PATHS = "$(inherited) @executable_path/Frameworks @loader_path/Frameworks";
				PRODUCT_BUNDLE_IDENTIFIER = "MichaelD.Emoji-WorldTests";
				PRODUCT_NAME = "$(TARGET_NAME)";
				SWIFT_VERSION = 3.0;
				TEST_HOST = "$(BUILT_PRODUCTS_DIR)/Emoji World.app/Emoji World";
			};
			name = Release;
		};
		82D2321E1DFE9E6D009C2775 /* Debug */ = {
			isa = XCBuildConfiguration;
			buildSettings = {
				ALWAYS_EMBED_SWIFT_STANDARD_LIBRARIES = YES;
				CLANG_WARN_DOCUMENTATION_COMMENTS = YES;
				CLANG_WARN_SUSPICIOUS_MOVES = YES;
				DEBUG_INFORMATION_FORMAT = dwarf;
				DEVELOPMENT_TEAM = UP5S927B5L;
				INFOPLIST_FILE = "Emoji WorldUITests/Info.plist";
				IPHONEOS_DEPLOYMENT_TARGET = 10.1;
				LD_RUNPATH_SEARCH_PATHS = "$(inherited) @executable_path/Frameworks @loader_path/Frameworks";
				PRODUCT_BUNDLE_IDENTIFIER = "MichaelD.Emoji-WorldUITests";
				PRODUCT_NAME = "$(TARGET_NAME)";
				SWIFT_VERSION = 3.0;
				TEST_TARGET_NAME = "Emoji World";
			};
			name = Debug;
		};
		82D2321F1DFE9E6D009C2775 /* Release */ = {
			isa = XCBuildConfiguration;
			buildSettings = {
				ALWAYS_EMBED_SWIFT_STANDARD_LIBRARIES = YES;
				CLANG_WARN_DOCUMENTATION_COMMENTS = YES;
				CLANG_WARN_SUSPICIOUS_MOVES = YES;
				DEVELOPMENT_TEAM = UP5S927B5L;
				INFOPLIST_FILE = "Emoji WorldUITests/Info.plist";
				IPHONEOS_DEPLOYMENT_TARGET = 10.1;
				LD_RUNPATH_SEARCH_PATHS = "$(inherited) @executable_path/Frameworks @loader_path/Frameworks";
				PRODUCT_BUNDLE_IDENTIFIER = "MichaelD.Emoji-WorldUITests";
				PRODUCT_NAME = "$(TARGET_NAME)";
				SWIFT_VERSION = 3.0;
				TEST_TARGET_NAME = "Emoji World";
			};
			name = Release;
		};
/* End XCBuildConfiguration section */

/* Begin XCConfigurationList section */
		82AF42921D52FFE9002168AE /* Build configuration list for PBXProject "Emoji World" */ = {
			isa = XCConfigurationList;
			buildConfigurations = (
				82AF42AB1D52FFEA002168AE /* Debug */,
				82AF42AC1D52FFEA002168AE /* Release */,
			);
			defaultConfigurationIsVisible = 0;
			defaultConfigurationName = Release;
		};
		82AF42AD1D52FFEA002168AE /* Build configuration list for PBXNativeTarget "Emoji World" */ = {
			isa = XCConfigurationList;
			buildConfigurations = (
				82AF42AE1D52FFEA002168AE /* Debug */,
				82AF42AF1D52FFEA002168AE /* Release */,
			);
			defaultConfigurationIsVisible = 0;
			defaultConfigurationName = Release;
		};
		82D2320F1DFE9E5F009C2775 /* Build configuration list for PBXNativeTarget "Emoji WorldTests" */ = {
			isa = XCConfigurationList;
			buildConfigurations = (
				82D232101DFE9E5F009C2775 /* Debug */,
				82D232111DFE9E5F009C2775 /* Release */,
			);
			defaultConfigurationIsVisible = 0;
			defaultConfigurationName = Release;
		};
		82D2321D1DFE9E6D009C2775 /* Build configuration list for PBXNativeTarget "Emoji WorldUITests" */ = {
			isa = XCConfigurationList;
			buildConfigurations = (
				82D2321E1DFE9E6D009C2775 /* Debug */,
				82D2321F1DFE9E6D009C2775 /* Release */,
			);
			defaultConfigurationIsVisible = 0;
			defaultConfigurationName = Release;
		};
/* End XCConfigurationList section */
	};
	rootObject = 82AF428F1D52FFE9002168AE /* Project object */;
}
